# This file is generated by running "yarn install" inside your project.
# Manual changes might be lost - proceed with caution!

__metadata:
  version: 4
  cacheKey: 7

"penner@npm:^0.1.3":
  version: 0.1.3
  resolution: "penner@npm:0.1.3"
  checksum: 98f2588e6785bcb18d421b80f64f93b8626db1f02702d2597a4074280019996cb8360d673c1eee88de8192c79428a86e61e117b9435a05d441ee56760ed4c18b
  languageName: node
  linkType: hard

"pixi-viewport@workspace:.":
  version: 0.0.0-use.local
  resolution: "pixi-viewport@workspace:."
  dependencies:
    penner: ^0.1.3
    tslib: ^2.0.1
    typescript: ^4.1.2
  peerDependencies:
    pixi.js: ">=4.6.0"
  languageName: unknown
  linkType: soft

"tslib@npm:^2.0.1":
  version: 2.0.1
  resolution: "tslib@npm:2.0.1"
  checksum: 7b42337a07f536c9650c72471cdf51317f07eb981692e91b8979fee3f6e20136a8f047e6ecdc5f2f3201132a6cc4e0096fa3c58655eba3803bf7fe739ccd088e
  languageName: node
  linkType: hard

typescript@^4.1.2:
  version: 4.1.2
  resolution: "typescript@npm:4.1.2"
  bin:
    tsc: bin/tsc
    tsserver: bin/tsserver
  checksum: d2ac373b469e973448c7287d0fbc732dbd34d00d07911b9506bbf81469a80db6613361fc9293d021da357cb7c7da2ee32f56d8ef76446361231374200cd6aee9
  languageName: node
  linkType: hard

"typescript@patch:typescript@^4.1.2#builtin<compat/typescript>":
  version: 4.1.2
  resolution: "typescript@patch:typescript@npm%3A4.1.2#builtin<compat/typescript>::version=4.1.2&hash=cc6730"
  bin:
    tsc: bin/tsc
    tsserver: bin/tsserver
  checksum: 001ab09bb8f597aab1ec43476aedb91b5d547749219273c232bf34cf5a2209d18fa782e64475755115f0907598bb9b503f5e1c0fed06c3651cac584fc88a8172
  languageName: node
  linkType: hard
